
Microsoft Visual Studio Solution File, Format Version 12.00
# Visual Studio Version 17
VisualStudioVersion = 17.14.36930.0
MinimumVisualStudioVersion = 10.0.40219.1
Project("{FAE04EC0-301F-11D3-BF4B-00C04F79EFBC}") = "AppointmentBookingAPI", "AppointmentBookingAPI.csproj", "{4FCF829F-020B-4AAE-BBD8-AA1BE2C51F32}"
EndProject
Project("{2150E333-8FDC-42A3-9474-1A3956D46DE8}") = "API", "API", "{02EA681E-C7D8-13C7-8484-4AC65E1B71E8}"
EndProject
Project("{2150E333-8FDC-42A3-9474-1A3956D46DE8}") = "Contracts", "Contracts", "{39E73CCF-A246-4C81-ADA2-4177BD0D3398}"
EndProject
Project("{2150E333-8FDC-42A3-9474-1A3956D46DE8}") = "Infrastructure", "Infrastructure", "{369CB01D-A1A7-72D2-AABC-3F0945D148A2}"
EndProject
Project("{2150E333-8FDC-42A3-9474-1A3956D46DE8}") = "MapperLayer", "MapperLayer", "{7DC331D0-3EC4-40A6-69FB-1CBEB2E0D1EA}"
EndProject
Project("{2150E333-8FDC-42A3-9474-1A3956D46DE8}") = "MiddlewareLayer", "MiddlewareLayer", "{643747C7-0307-8931-84D8-A7D1915E22E5}"
EndProject
Project("{2150E333-8FDC-42A3-9474-1A3956D46DE8}") = "Modules", "Modules", "{5835D766-9847-1D08-5E95-5A99FD0F495D}"
EndProject
Project("{2150E333-8FDC-42A3-9474-1A3956D46DE8}") = "ValidatorLayer", "ValidatorLayer", "{AC40F098-1FB9-4E71-B8DB-BC1D03AB66E0}"
EndProject
Project("{FAE04EC0-301F-11D3-BF4B-00C04F79EFBC}") = "AppointmentBookingAPI.Contracts", "..\Contracts\AppointmentBookingAPI.Contracts.csproj", "{D97A39F0-992C-87E3-CA44-C8DDC0A8DB44}"
EndProject
Project("{FAE04EC0-301F-11D3-BF4B-00C04F79EFBC}") = "AppointmentBookingAPI.Infrastructure", "..\AppointmentBookingAPI.Infrastructure\AppointmentBookingAPI.Infrastructure.csproj", "{681AD99C-8684-43CC-8F0E-51393AC6453B}"
EndProject
Project("{2150E333-8FDC-42A3-9474-1A3956D46DE8}") = "Core", "Core", "{8CF597EA-22F3-4609-A1A5-6DA249349820}"
EndProject
Project("{2150E333-8FDC-42A3-9474-1A3956D46DE8}") = "Auth", "Auth", "{A39C1330-DCD9-4085-9CB4-979116DF9EA9}"
EndProject
Project("{2150E333-8FDC-42A3-9474-1A3956D46DE8}") = "Appointment", "Appointment", "{D8F4D48A-F257-43BE-B339-2D7E3951D5EA}"
EndProject
Project("{2150E333-8FDC-42A3-9474-1A3956D46DE8}") = "Logs", "Logs", "{865315C9-4FA5-4865-AD7F-2589EBA7AE6F}"
EndProject
Project("{FAE04EC0-301F-11D3-BF4B-00C04F79EFBC}") = "AppointmentBookingAPI.Modules.Core", "..\AppointmentBookingAPI.Modules.Core\AppointmentBookingAPI.Modules.Core.csproj", "{177A44E6-DA49-47A0-A98B-159267543ED3}"
EndProject
Project("{FAE04EC0-301F-11D3-BF4B-00C04F79EFBC}") = "AppointmentBookingAPI.Modules.Auth", "..\AppointmentBookingAPI.Modules.Auth\AppointmentBookingAPI.Modules.Auth.csproj", "{E2AD7D77-1179-443C-B271-721F71F2190A}"
EndProject
Project("{FAE04EC0-301F-11D3-BF4B-00C04F79EFBC}") = "AppointmentBookingAPI.Modules.Appointment", "..\AppointmentBookingAPI.Modules.Appointment\AppointmentBookingAPI.Modules.Appointment.csproj", "{EEB6AA98-C772-4A55-804A-A61BF483FB29}"
EndProject
Project("{FAE04EC0-301F-11D3-BF4B-00C04F79EFBC}") = "AppointmentBookingAPI.Modules.Logs", "..\AppointmentBookingAPI.Modules.Logs\AppointmentBookingAPI.Modules.Logs.csproj", "{751D4E06-2155-4CBF-87F4-B84CBF057F07}"
EndProject
Project("{FAE04EC0-301F-11D3-BF4B-00C04F79EFBC}") = "AppointmentBookingAPI.Mappers", "..\AppointmentBookingAPI.Mappers\AppointmentBookingAPI.Mappers.csproj", "{FA74D5E9-78B5-4795-B0ED-F01B3F3BE90E}"
EndProject
Project("{FAE04EC0-301F-11D3-BF4B-00C04F79EFBC}") = "AppointmentBookingAPI.Validators", "..\AppointmentBookingAPI.Validators\AppointmentBookingAPI.Validators.csproj", "{EEDFF909-6692-4792-BEB6-3D156C43B8A7}"
EndProject
Project("{FAE04EC0-301F-11D3-BF4B-00C04F79EFBC}") = "AppointmentBookingAPI.Middleware", "..\AppointmentBookingAPI.Middleware\AppointmentBookingAPI.Middleware.csproj", "{EE64DB57-CBA7-4566-9C71-DACB05267170}"
EndProject
Project("{FAE04EC0-301F-11D3-BF4B-00C04F79EFBC}") = "AppointmentBookingAPI.CurrentUser", "..\AppointmentBookingAPI.CurrentUser\AppointmentBookingAPI.CurrentUser.csproj", "{32D764D8-8946-461E-A003-6E846352A4B9}"
EndProject
Project("{2150E333-8FDC-42A3-9474-1A3956D46DE8}") = "CurrentUser", "CurrentUser", "{CFCBAC2C-A7E8-4AB7-AEC2-08C64591C6F0}"
EndProject
Global
	GlobalSection(SolutionConfigurationPlatforms) = preSolution
		Debug|Any CPU = Debug|Any CPU
		Release|Any CPU = Release|Any CPU
	EndGlobalSection
	GlobalSection(ProjectConfigurationPlatforms) = postSolution
		{4FCF829F-020B-4AAE-BBD8-AA1BE2C51F32}.Debug|Any CPU.ActiveCfg = Debug|Any CPU
		{4FCF829F-020B-4AAE-BBD8-AA1BE2C51F32}.Debug|Any CPU.Build.0 = Debug|Any CPU
		{4FCF829F-020B-4AAE-BBD8-AA1BE2C51F32}.Release|Any CPU.ActiveCfg = Release|Any CPU
		{4FCF829F-020B-4AAE-BBD8-AA1BE2C51F32}.Release|Any CPU.Build.0 = Release|Any CPU
		{D97A39F0-992C-87E3-CA44-C8DDC0A8DB44}.Debug|Any CPU.ActiveCfg = Debug|Any CPU
		{D97A39F0-992C-87E3-CA44-C8DDC0A8DB44}.Debug|Any CPU.Build.0 = Debug|Any CPU
		{D97A39F0-992C-87E3-CA44-C8DDC0A8DB44}.Release|Any CPU.ActiveCfg = Release|Any CPU
		{D97A39F0-992C-87E3-CA44-C8DDC0A8DB44}.Release|Any CPU.Build.0 = Release|Any CPU
		{681AD99C-8684-43CC-8F0E-51393AC6453B}.Debug|Any CPU.ActiveCfg = Debug|Any CPU
		{681AD99C-8684-43CC-8F0E-51393AC6453B}.Debug|Any CPU.Build.0 = Debug|Any CPU
		{681AD99C-8684-43CC-8F0E-51393AC6453B}.Release|Any CPU.ActiveCfg = Release|Any CPU
		{681AD99C-8684-43CC-8F0E-51393AC6453B}.Release|Any CPU.Build.0 = Release|Any CPU
		{177A44E6-DA49-47A0-A98B-159267543ED3}.Debug|Any CPU.ActiveCfg = Debug|Any CPU
		{177A44E6-DA49-47A0-A98B-159267543ED3}.Debug|Any CPU.Build.0 = Debug|Any CPU
		{177A44E6-DA49-47A0-A98B-159267543ED3}.Release|Any CPU.ActiveCfg = Release|Any CPU
		{177A44E6-DA49-47A0-A98B-159267543ED3}.Release|Any CPU.Build.0 = Release|Any CPU
		{E2AD7D77-1179-443C-B271-721F71F2190A}.Debug|Any CPU.ActiveCfg = Debug|Any CPU
		{E2AD7D77-1179-443C-B271-721F71F2190A}.Debug|Any CPU.Build.0 = Debug|Any CPU
		{E2AD7D77-1179-443C-B271-721F71F2190A}.Release|Any CPU.ActiveCfg = Release|Any CPU
		{E2AD7D77-1179-443C-B271-721F71F2190A}.Release|Any CPU.Build.0 = Release|Any CPU
		{EEB6AA98-C772-4A55-804A-A61BF483FB29}.Debug|Any CPU.ActiveCfg = Debug|Any CPU
		{EEB6AA98-C772-4A55-804A-A61BF483FB29}.Debug|Any CPU.Build.0 = Debug|Any CPU
		{EEB6AA98-C772-4A55-804A-A61BF483FB29}.Release|Any CPU.ActiveCfg = Release|Any CPU
		{EEB6AA98-C772-4A55-804A-A61BF483FB29}.Release|Any CPU.Build.0 = Release|Any CPU
		{751D4E06-2155-4CBF-87F4-B84CBF057F07}.Debug|Any CPU.ActiveCfg = Debug|Any CPU
		{751D4E06-2155-4CBF-87F4-B84CBF057F07}.Debug|Any CPU.Build.0 = Debug|Any CPU
		{751D4E06-2155-4CBF-87F4-B84CBF057F07}.Release|Any CPU.ActiveCfg = Release|Any CPU
		{751D4E06-2155-4CBF-87F4-B84CBF057F07}.Release|Any CPU.Build.0 = Release|Any CPU
		{FA74D5E9-78B5-4795-B0ED-F01B3F3BE90E}.Debug|Any CPU.ActiveCfg = Debug|Any CPU
		{FA74D5E9-78B5-4795-B0ED-F01B3F3BE90E}.Debug|Any CPU.Build.0 = Debug|Any CPU
		{FA74D5E9-78B5-4795-B0ED-F01B3F3BE90E}.Release|Any CPU.ActiveCfg = Release|Any CPU
		{FA74D5E9-78B5-4795-B0ED-F01B3F3BE90E}.Release|Any CPU.Build.0 = Release|Any CPU
		{EEDFF909-6692-4792-BEB6-3D156C43B8A7}.Debug|Any CPU.ActiveCfg = Debug|Any CPU
		{EEDFF909-6692-4792-BEB6-3D156C43B8A7}.Debug|Any CPU.Build.0 = Debug|Any CPU
		{EEDFF909-6692-4792-BEB6-3D156C43B8A7}.Release|Any CPU.ActiveCfg = Release|Any CPU
		{EEDFF909-6692-4792-BEB6-3D156C43B8A7}.Release|Any CPU.Build.0 = Release|Any CPU
		{EE64DB57-CBA7-4566-9C71-DACB05267170}.Debug|Any CPU.ActiveCfg = Debug|Any CPU
		{EE64DB57-CBA7-4566-9C71-DACB05267170}.Debug|Any CPU.Build.0 = Debug|Any CPU
		{EE64DB57-CBA7-4566-9C71-DACB05267170}.Release|Any CPU.ActiveCfg = Release|Any CPU
		{EE64DB57-CBA7-4566-9C71-DACB05267170}.Release|Any CPU.Build.0 = Release|Any CPU
		{32D764D8-8946-461E-A003-6E846352A4B9}.Debug|Any CPU.ActiveCfg = Debug|Any CPU
		{32D764D8-8946-461E-A003-6E846352A4B9}.Debug|Any CPU.Build.0 = Debug|Any CPU
		{32D764D8-8946-461E-A003-6E846352A4B9}.Release|Any CPU.ActiveCfg = Release|Any CPU
		{32D764D8-8946-461E-A003-6E846352A4B9}.Release|Any CPU.Build.0 = Release|Any CPU
	EndGlobalSection
	GlobalSection(SolutionProperties) = preSolution
		HideSolutionNode = FALSE
	EndGlobalSection
	GlobalSection(NestedProjects) = preSolution
		{4FCF829F-020B-4AAE-BBD8-AA1BE2C51F32} = {02EA681E-C7D8-13C7-8484-4AC65E1B71E8}
		{D97A39F0-992C-87E3-CA44-C8DDC0A8DB44} = {39E73CCF-A246-4C81-ADA2-4177BD0D3398}
		{681AD99C-8684-43CC-8F0E-51393AC6453B} = {369CB01D-A1A7-72D2-AABC-3F0945D148A2}
		{8CF597EA-22F3-4609-A1A5-6DA249349820} = {5835D766-9847-1D08-5E95-5A99FD0F495D}
		{A39C1330-DCD9-4085-9CB4-979116DF9EA9} = {5835D766-9847-1D08-5E95-5A99FD0F495D}
		{D8F4D48A-F257-43BE-B339-2D7E3951D5EA} = {5835D766-9847-1D08-5E95-5A99FD0F495D}
		{865315C9-4FA5-4865-AD7F-2589EBA7AE6F} = {5835D766-9847-1D08-5E95-5A99FD0F495D}
		{177A44E6-DA49-47A0-A98B-159267543ED3} = {8CF597EA-22F3-4609-A1A5-6DA249349820}
		{E2AD7D77-1179-443C-B271-721F71F2190A} = {A39C1330-DCD9-4085-9CB4-979116DF9EA9}
		{EEB6AA98-C772-4A55-804A-A61BF483FB29} = {D8F4D48A-F257-43BE-B339-2D7E3951D5EA}
		{751D4E06-2155-4CBF-87F4-B84CBF057F07} = {865315C9-4FA5-4865-AD7F-2589EBA7AE6F}
		{FA74D5E9-78B5-4795-B0ED-F01B3F3BE90E} = {7DC331D0-3EC4-40A6-69FB-1CBEB2E0D1EA}
		{EEDFF909-6692-4792-BEB6-3D156C43B8A7} = {AC40F098-1FB9-4E71-B8DB-BC1D03AB66E0}
		{EE64DB57-CBA7-4566-9C71-DACB05267170} = {643747C7-0307-8931-84D8-A7D1915E22E5}
		{32D764D8-8946-461E-A003-6E846352A4B9} = {CFCBAC2C-A7E8-4AB7-AEC2-08C64591C6F0}
	EndGlobalSection
	GlobalSection(ExtensibilityGlobals) = postSolution
		SolutionGuid = {29682F2B-FBC7-4036-B6C6-86C2DCDEA1AE}
	EndGlobalSection
EndGlobal
